
Microsoft Visual Studio Solution File, Format Version 12.00
# Visual Studio Version 17
VisualStudioVersion = 17.7.34031.279
MinimumVisualStudioVersion = 10.0.40219.1
Project("{FAE04EC0-301F-11D3-BF4B-00C04F79EFBC}") = "DiagramBuilder", "DiagramBuilder.csproj", "{E740ED7A-EFDD-4CD6-8BEE-3F8F6983C416}"
EndProject
Global
	GlobalSection(SolutionConfigurationPlatforms) = preSolution
		Debug|Any CPU = Debug|Any CPU
		Release|Any CPU = Release|Any CPU
		Релиз|Any CPU = Релиз|Any CPU
	EndGlobalSection
	GlobalSection(ProjectConfigurationPlatforms) = postSolution
		{E740ED7A-EFDD-4CD6-8BEE-3F8F6983C416}.Debug|Any CPU.ActiveCfg = Debug|Any CPU
		{E740ED7A-EFDD-4CD6-8BEE-3F8F6983C416}.Debug|Any CPU.Build.0 = Debug|Any CPU
		{E740ED7A-EFDD-4CD6-8BEE-3F8F6983C416}.Release|Any CPU.ActiveCfg = Release|Any CPU
		{E740ED7A-EFDD-4CD6-8BEE-3F8F6983C416}.Release|Any CPU.Build.0 = Release|Any CPU
		{E740ED7A-EFDD-4CD6-8BEE-3F8F6983C416}.Релиз|Any CPU.ActiveCfg = Релиз|Any CPU
		{E740ED7A-EFDD-4CD6-8BEE-3F8F6983C416}.Релиз|Any CPU.Build.0 = Релиз|Any CPU
	EndGlobalSection
	GlobalSection(SolutionProperties) = preSolution
		HideSolutionNode = FALSE
	EndGlobalSection
	GlobalSection(ExtensibilityGlobals) = postSolution
		SolutionGuid = {5465958F-D895-4FA5-BBC8-209C9CCF1D41}
	EndGlobalSection
EndGlobal
